
Microsoft Visual Studio Solution File, Format Version 12.00
# Visual Studio Version 17
VisualStudioVersion = 17.7.34024.191
MinimumVisualStudioVersion = 10.0.40219.1
Project("{9A19103F-16F7-4668-BE54-9A1E7A4F7556}") = "PubAPI", "PubAPI\PubAPI.csproj", "{FAE5C936-885B-477C-8661-418530039A94}"
EndProject
Project("{9A19103F-16F7-4668-BE54-9A1E7A4F7556}") = "PublisherData", "PublisherData\PublisherData.csproj", "{94F12FF4-4236-4B80-B73F-A6C00FFAA3BD}"
EndProject
Project("{9A19103F-16F7-4668-BE54-9A1E7A4F7556}") = "PublisherDomain", "PublisherDomain\PublisherDomain.csproj", "{F098F6E0-1C79-4297-BDCB-DF9B76906F77}"
EndProject
Global
	GlobalSection(SolutionConfigurationPlatforms) = preSolution
		Debug|Any CPU = Debug|Any CPU
		Release|Any CPU = Release|Any CPU
	EndGlobalSection
	GlobalSection(ProjectConfigurationPlatforms) = postSolution
		{FAE5C936-885B-477C-8661-418530039A94}.Debug|Any CPU.ActiveCfg = Debug|Any CPU
		{FAE5C936-885B-477C-8661-418530039A94}.Debug|Any CPU.Build.0 = Debug|Any CPU
		{FAE5C936-885B-477C-8661-418530039A94}.Release|Any CPU.ActiveCfg = Release|Any CPU
		{FAE5C936-885B-477C-8661-418530039A94}.Release|Any CPU.Build.0 = Release|Any CPU
		{94F12FF4-4236-4B80-B73F-A6C00FFAA3BD}.Debug|Any CPU.ActiveCfg = Debug|Any CPU
		{94F12FF4-4236-4B80-B73F-A6C00FFAA3BD}.Debug|Any CPU.Build.0 = Debug|Any CPU
		{94F12FF4-4236-4B80-B73F-A6C00FFAA3BD}.Release|Any CPU.ActiveCfg = Release|Any CPU
		{94F12FF4-4236-4B80-B73F-A6C00FFAA3BD}.Release|Any CPU.Build.0 = Release|Any CPU
		{F098F6E0-1C79-4297-BDCB-DF9B76906F77}.Debug|Any CPU.ActiveCfg = Debug|Any CPU
		{F098F6E0-1C79-4297-BDCB-DF9B76906F77}.Debug|Any CPU.Build.0 = Debug|Any CPU
		{F098F6E0-1C79-4297-BDCB-DF9B76906F77}.Release|Any CPU.ActiveCfg = Release|Any CPU
		{F098F6E0-1C79-4297-BDCB-DF9B76906F77}.Release|Any CPU.Build.0 = Release|Any CPU
	EndGlobalSection
	GlobalSection(SolutionProperties) = preSolution
		HideSolutionNode = FALSE
	EndGlobalSection
	GlobalSection(ExtensibilityGlobals) = postSolution
		SolutionGuid = {3CDF9235-4D7B-43E4-AA5E-5F14EACBCEE5}
	EndGlobalSection
EndGlobal
